
Microsoft Visual Studio Solution File, Format Version 12.00
# Visual Studio Version 17
VisualStudioVersion = 17.6.33829.357
MinimumVisualStudioVersion = 10.0.40219.1
Project("{FAE04EC0-301F-11D3-BF4B-00C04F79EFBC}") = "CreatedDeom1", "CreatedDeom1.csproj", "{B6663C9B-1D96-4892-AA68-F5DC6C384DA2}"
EndProject
Global
	GlobalSection(SolutionConfigurationPlatforms) = preSolution
		Debug|Any CPU = Debug|Any CPU
		Release|Any CPU = Release|Any CPU
	EndGlobalSection
	GlobalSection(ProjectConfigurationPlatforms) = postSolution
		{B6663C9B-1D96-4892-AA68-F5DC6C384DA2}.Debug|Any CPU.ActiveCfg = Debug|Any CPU
		{B6663C9B-1D96-4892-AA68-F5DC6C384DA2}.Debug|Any CPU.Build.0 = Debug|Any CPU
		{B6663C9B-1D96-4892-AA68-F5DC6C384DA2}.Release|Any CPU.ActiveCfg = Release|Any CPU
		{B6663C9B-1D96-4892-AA68-F5DC6C384DA2}.Release|Any CPU.Build.0 = Release|Any CPU
	EndGlobalSection
	GlobalSection(SolutionProperties) = preSolution
		HideSolutionNode = FALSE
	EndGlobalSection
	GlobalSection(ExtensibilityGlobals) = postSolution
		SolutionGuid = {CEDDBE68-FCF2-40F3-8630-8BFA5CCC894A}
	EndGlobalSection
EndGlobal
